
Microsoft Visual Studio Solution File, Format Version 11.00
# Visual C++ Express 2010
Project("{8BC9CEB8-8B4A-11D0-8D11-00A0C91BC942}") = "axis", "axis\axis.vcxproj", "{8861AB2A-2BC0-4F9C-92AF-FA9FD1B0248A}"
EndProject
Project("{8BC9CEB8-8B4A-11D0-8D11-00A0C91BC942}") = "sample", "sample\sample.vcxproj", "{E133DDD9-7A47-4B6B-A2BD-14DA15676D71}"
EndProject
Project("{8BC9CEB8-8B4A-11D0-8D11-00A0C91BC942}") = "velocity", "velocity\velocity.vcxproj", "{772A0EF2-56E2-458B-8126-CF3654036A6E}"
EndProject
Project("{8BC9CEB8-8B4A-11D0-8D11-00A0C91BC942}") = "cycle", "cycle\cycle.vcxproj", "{C7FEEFE2-0BB8-4E06-8D67-22C857DB3878}"
EndProject
Global
	GlobalSection(SolutionConfigurationPlatforms) = preSolution
		Debug|Win32 = Debug|Win32
		Release|Win32 = Release|Win32
	EndGlobalSection
	GlobalSection(ProjectConfigurationPlatforms) = postSolution
		{8861AB2A-2BC0-4F9C-92AF-FA9FD1B0248A}.Debug|Win32.ActiveCfg = Debug|Win32
		{8861AB2A-2BC0-4F9C-92AF-FA9FD1B0248A}.Debug|Win32.Build.0 = Debug|Win32
		{8861AB2A-2BC0-4F9C-92AF-FA9FD1B0248A}.Release|Win32.ActiveCfg = Release|Win32
		{8861AB2A-2BC0-4F9C-92AF-FA9FD1B0248A}.Release|Win32.Build.0 = Release|Win32
		{E133DDD9-7A47-4B6B-A2BD-14DA15676D71}.Debug|Win32.ActiveCfg = Debug|Win32
		{E133DDD9-7A47-4B6B-A2BD-14DA15676D71}.Debug|Win32.Build.0 = Debug|Win32
		{E133DDD9-7A47-4B6B-A2BD-14DA15676D71}.Release|Win32.ActiveCfg = Release|Win32
		{E133DDD9-7A47-4B6B-A2BD-14DA15676D71}.Release|Win32.Build.0 = Release|Win32
		{772A0EF2-56E2-458B-8126-CF3654036A6E}.Debug|Win32.ActiveCfg = Debug|Win32
		{772A0EF2-56E2-458B-8126-CF3654036A6E}.Debug|Win32.Build.0 = Debug|Win32
		{772A0EF2-56E2-458B-8126-CF3654036A6E}.Release|Win32.ActiveCfg = Release|Win32
		{772A0EF2-56E2-458B-8126-CF3654036A6E}.Release|Win32.Build.0 = Release|Win32
		{C7FEEFE2-0BB8-4E06-8D67-22C857DB3878}.Debug|Win32.ActiveCfg = Debug|Win32
		{C7FEEFE2-0BB8-4E06-8D67-22C857DB3878}.Debug|Win32.Build.0 = Debug|Win32
		{C7FEEFE2-0BB8-4E06-8D67-22C857DB3878}.Release|Win32.ActiveCfg = Release|Win32
		{C7FEEFE2-0BB8-4E06-8D67-22C857DB3878}.Release|Win32.Build.0 = Release|Win32
	EndGlobalSection
	GlobalSection(SolutionProperties) = preSolution
		HideSolutionNode = FALSE
	EndGlobalSection
EndGlobal
